
Microsoft Visual Studio Solution File, Format Version 12.00
# Visual Studio 15
VisualStudioVersion = 15.0.26403.0
MinimumVisualStudioVersion = 10.0.40219.1
Project("{FAE04EC0-301F-11D3-BF4B-00C04F79EFBC}") = "HFAttendance.WebSite", "HFAttendance.WebSite\HFAttendance.WebSite.csproj", "{31B2345C-6C69-4BCF-B7FA-E59BC11F7418}"
EndProject
Project("{FAE04EC0-301F-11D3-BF4B-00C04F79EFBC}") = "HFAttendance.IBll", "HFAttendance.IBll\HFAttendance.IBll.csproj", "{7B156CE7-C325-4B03-A669-F84D0ADCA84E}"
EndProject
Project("{FAE04EC0-301F-11D3-BF4B-00C04F79EFBC}") = "HFAttendance.Common", "HFAttendance.Common\HFAttendance.Common.csproj", "{C6D22FD9-0D4A-4D6D-BE72-D10C475D6976}"
EndProject
Project("{FAE04EC0-301F-11D3-BF4B-00C04F79EFBC}") = "HFAttendance.Model", "HFAttendance.Model\HFAttendance.Model.csproj", "{0ED3ED0D-3B4A-465F-855A-B2C8FABEB4EE}"
EndProject
Project("{FAE04EC0-301F-11D3-BF4B-00C04F79EFBC}") = "HFAttendance.Dal", "HFAttendance.Dal\HFAttendance.Dal.csproj", "{DA6E445E-4A7F-49CD-AA36-660692171A86}"
EndProject
Project("{FAE04EC0-301F-11D3-BF4B-00C04F79EFBC}") = "HFAttendance.Bll", "HFAttendance.Bll\HFAttendance.Bll.csproj", "{5062C0FB-D04C-4C29-81F0-EC0A6735F3AE}"
EndProject
Project("{FAE04EC0-301F-11D3-BF4B-00C04F79EFBC}") = "HFAttendance.Cache", "HFAttendance.Cache\HFAttendance.Cache.csproj", "{2ABD0C85-4B83-4F37-B31B-ECB8ED743465}"
EndProject
Project("{FAE04EC0-301F-11D3-BF4B-00C04F79EFBC}") = "HFAttendance.Portal", "HFAttendance.Portal\HFAttendance.Portal.csproj", "{32A37FAD-BE8F-4F32-8FA2-69A1FAB325FB}"
EndProject
Project("{2150E333-8FDC-42A3-9474-1A3956D46DE8}") = "Interface", "Interface", "{50EDB353-9C97-4C88-9D93-1F87A521B679}"
EndProject
Project("{2150E333-8FDC-42A3-9474-1A3956D46DE8}") = "Implement", "Implement", "{4BAAAA60-838B-40B1-B5C3-7CAFDC08EB14}"
EndProject
Project("{2150E333-8FDC-42A3-9474-1A3956D46DE8}") = "Common", "Common", "{B4E26032-BD54-455A-9B3C-AD1D148CBF4B}"
EndProject
Project("{2150E333-8FDC-42A3-9474-1A3956D46DE8}") = "Portal", "Portal", "{1ACD0160-D84E-489F-A715-708A38132F82}"
EndProject
Project("{2150E333-8FDC-42A3-9474-1A3956D46DE8}") = "Model", "Model", "{6B94DEBD-CF2F-4848-A183-CE860B82B6A3}"
EndProject
Project("{2150E333-8FDC-42A3-9474-1A3956D46DE8}") = "Cache", "Cache", "{A94F44BE-FB98-4180-BA21-2222B6E16B4F}"
EndProject
Project("{FAE04EC0-301F-11D3-BF4B-00C04F79EFBC}") = "HFAttendance.IRepository", "HFAttendance.IRepository\HFAttendance.IRepository.csproj", "{4AD74C17-08E4-4CC1-8961-C2B1A5AE27A2}"
EndProject
Global
	GlobalSection(SolutionConfigurationPlatforms) = preSolution
		Debug|Any CPU = Debug|Any CPU
		Release|Any CPU = Release|Any CPU
	EndGlobalSection
	GlobalSection(ProjectConfigurationPlatforms) = postSolution
		{31B2345C-6C69-4BCF-B7FA-E59BC11F7418}.Debug|Any CPU.ActiveCfg = Debug|Any CPU
		{31B2345C-6C69-4BCF-B7FA-E59BC11F7418}.Debug|Any CPU.Build.0 = Debug|Any CPU
		{31B2345C-6C69-4BCF-B7FA-E59BC11F7418}.Release|Any CPU.ActiveCfg = Release|Any CPU
		{31B2345C-6C69-4BCF-B7FA-E59BC11F7418}.Release|Any CPU.Build.0 = Release|Any CPU
		{7B156CE7-C325-4B03-A669-F84D0ADCA84E}.Debug|Any CPU.ActiveCfg = Debug|Any CPU
		{7B156CE7-C325-4B03-A669-F84D0ADCA84E}.Debug|Any CPU.Build.0 = Debug|Any CPU
		{7B156CE7-C325-4B03-A669-F84D0ADCA84E}.Release|Any CPU.ActiveCfg = Release|Any CPU
		{7B156CE7-C325-4B03-A669-F84D0ADCA84E}.Release|Any CPU.Build.0 = Release|Any CPU
		{C6D22FD9-0D4A-4D6D-BE72-D10C475D6976}.Debug|Any CPU.ActiveCfg = Debug|Any CPU
		{C6D22FD9-0D4A-4D6D-BE72-D10C475D6976}.Debug|Any CPU.Build.0 = Debug|Any CPU
		{C6D22FD9-0D4A-4D6D-BE72-D10C475D6976}.Release|Any CPU.ActiveCfg = Release|Any CPU
		{C6D22FD9-0D4A-4D6D-BE72-D10C475D6976}.Release|Any CPU.Build.0 = Release|Any CPU
		{0ED3ED0D-3B4A-465F-855A-B2C8FABEB4EE}.Debug|Any CPU.ActiveCfg = Debug|Any CPU
		{0ED3ED0D-3B4A-465F-855A-B2C8FABEB4EE}.Debug|Any CPU.Build.0 = Debug|Any CPU
		{0ED3ED0D-3B4A-465F-855A-B2C8FABEB4EE}.Release|Any CPU.ActiveCfg = Release|Any CPU
		{0ED3ED0D-3B4A-465F-855A-B2C8FABEB4EE}.Release|Any CPU.Build.0 = Release|Any CPU
		{DA6E445E-4A7F-49CD-AA36-660692171A86}.Debug|Any CPU.ActiveCfg = Debug|Any CPU
		{DA6E445E-4A7F-49CD-AA36-660692171A86}.Debug|Any CPU.Build.0 = Debug|Any CPU
		{DA6E445E-4A7F-49CD-AA36-660692171A86}.Release|Any CPU.ActiveCfg = Release|Any CPU
		{DA6E445E-4A7F-49CD-AA36-660692171A86}.Release|Any CPU.Build.0 = Release|Any CPU
		{5062C0FB-D04C-4C29-81F0-EC0A6735F3AE}.Debug|Any CPU.ActiveCfg = Debug|Any CPU
		{5062C0FB-D04C-4C29-81F0-EC0A6735F3AE}.Debug|Any CPU.Build.0 = Debug|Any CPU
		{5062C0FB-D04C-4C29-81F0-EC0A6735F3AE}.Release|Any CPU.ActiveCfg = Release|Any CPU
		{5062C0FB-D04C-4C29-81F0-EC0A6735F3AE}.Release|Any CPU.Build.0 = Release|Any CPU
		{2ABD0C85-4B83-4F37-B31B-ECB8ED743465}.Debug|Any CPU.ActiveCfg = Debug|Any CPU
		{2ABD0C85-4B83-4F37-B31B-ECB8ED743465}.Debug|Any CPU.Build.0 = Debug|Any CPU
		{2ABD0C85-4B83-4F37-B31B-ECB8ED743465}.Release|Any CPU.ActiveCfg = Release|Any CPU
		{2ABD0C85-4B83-4F37-B31B-ECB8ED743465}.Release|Any CPU.Build.0 = Release|Any CPU
		{32A37FAD-BE8F-4F32-8FA2-69A1FAB325FB}.Debug|Any CPU.ActiveCfg = Debug|Any CPU
		{32A37FAD-BE8F-4F32-8FA2-69A1FAB325FB}.Debug|Any CPU.Build.0 = Debug|Any CPU
		{32A37FAD-BE8F-4F32-8FA2-69A1FAB325FB}.Release|Any CPU.ActiveCfg = Release|Any CPU
		{32A37FAD-BE8F-4F32-8FA2-69A1FAB325FB}.Release|Any CPU.Build.0 = Release|Any CPU
		{4AD74C17-08E4-4CC1-8961-C2B1A5AE27A2}.Debug|Any CPU.ActiveCfg = Debug|Any CPU
		{4AD74C17-08E4-4CC1-8961-C2B1A5AE27A2}.Debug|Any CPU.Build.0 = Debug|Any CPU
		{4AD74C17-08E4-4CC1-8961-C2B1A5AE27A2}.Release|Any CPU.ActiveCfg = Release|Any CPU
		{4AD74C17-08E4-4CC1-8961-C2B1A5AE27A2}.Release|Any CPU.Build.0 = Release|Any CPU
	EndGlobalSection
	GlobalSection(SolutionProperties) = preSolution
		HideSolutionNode = FALSE
	EndGlobalSection
	GlobalSection(NestedProjects) = preSolution
		{31B2345C-6C69-4BCF-B7FA-E59BC11F7418} = {1ACD0160-D84E-489F-A715-708A38132F82}
		{7B156CE7-C325-4B03-A669-F84D0ADCA84E} = {50EDB353-9C97-4C88-9D93-1F87A521B679}
		{C6D22FD9-0D4A-4D6D-BE72-D10C475D6976} = {B4E26032-BD54-455A-9B3C-AD1D148CBF4B}
		{0ED3ED0D-3B4A-465F-855A-B2C8FABEB4EE} = {6B94DEBD-CF2F-4848-A183-CE860B82B6A3}
		{DA6E445E-4A7F-49CD-AA36-660692171A86} = {4BAAAA60-838B-40B1-B5C3-7CAFDC08EB14}
		{5062C0FB-D04C-4C29-81F0-EC0A6735F3AE} = {4BAAAA60-838B-40B1-B5C3-7CAFDC08EB14}
		{2ABD0C85-4B83-4F37-B31B-ECB8ED743465} = {A94F44BE-FB98-4180-BA21-2222B6E16B4F}
		{32A37FAD-BE8F-4F32-8FA2-69A1FAB325FB} = {1ACD0160-D84E-489F-A715-708A38132F82}
		{4AD74C17-08E4-4CC1-8961-C2B1A5AE27A2} = {50EDB353-9C97-4C88-9D93-1F87A521B679}
	EndGlobalSection
EndGlobal
